
Microsoft Visual Studio Solution File, Format Version 12.00
# Visual Studio Version 16
VisualStudioVersion = 16.0.34301.259
MinimumVisualStudioVersion = 10.0.40219.1
Project("{FAE04EC0-301F-11D3-BF4B-00C04F79EFBC}") = "ComboBox", "ComboBox\ComboBox.csproj", "{38B0B3CC-BA76-4241-AF8D-6BBA9A9F4955}"
EndProject
Global
	GlobalSection(SolutionConfigurationPlatforms) = preSolution
		Debug|Any CPU = Debug|Any CPU
		Release|Any CPU = Release|Any CPU
	EndGlobalSection
	GlobalSection(ProjectConfigurationPlatforms) = postSolution
		{38B0B3CC-BA76-4241-AF8D-6BBA9A9F4955}.Debug|Any CPU.ActiveCfg = Debug|Any CPU
		{38B0B3CC-BA76-4241-AF8D-6BBA9A9F4955}.Debug|Any CPU.Build.0 = Debug|Any CPU
		{38B0B3CC-BA76-4241-AF8D-6BBA9A9F4955}.Release|Any CPU.ActiveCfg = Release|Any CPU
		{38B0B3CC-BA76-4241-AF8D-6BBA9A9F4955}.Release|Any CPU.Build.0 = Release|Any CPU
	EndGlobalSection
	GlobalSection(SolutionProperties) = preSolution
		HideSolutionNode = FALSE
	EndGlobalSection
	GlobalSection(ExtensibilityGlobals) = postSolution
		SolutionGuid = {813EBC88-55D9-4804-8FAE-754F39242EE2}
	EndGlobalSection
EndGlobal
