
Microsoft Visual Studio Solution File, Format Version 12.00
# Visual Studio Version 16
VisualStudioVersion = 16.0.34301.259
MinimumVisualStudioVersion = 10.0.40219.1
Project("{FAE04EC0-301F-11D3-BF4B-00C04F79EFBC}") = "Try-catch", "Try-catch\Try-catch.csproj", "{9664ED60-1B5E-43FA-B626-D78A966AF307}"
EndProject
Global
	GlobalSection(SolutionConfigurationPlatforms) = preSolution
		Debug|Any CPU = Debug|Any CPU
		Release|Any CPU = Release|Any CPU
	EndGlobalSection
	GlobalSection(ProjectConfigurationPlatforms) = postSolution
		{9664ED60-1B5E-43FA-B626-D78A966AF307}.Debug|Any CPU.ActiveCfg = Debug|Any CPU
		{9664ED60-1B5E-43FA-B626-D78A966AF307}.Debug|Any CPU.Build.0 = Debug|Any CPU
		{9664ED60-1B5E-43FA-B626-D78A966AF307}.Release|Any CPU.ActiveCfg = Release|Any CPU
		{9664ED60-1B5E-43FA-B626-D78A966AF307}.Release|Any CPU.Build.0 = Release|Any CPU
	EndGlobalSection
	GlobalSection(SolutionProperties) = preSolution
		HideSolutionNode = FALSE
	EndGlobalSection
	GlobalSection(ExtensibilityGlobals) = postSolution
		SolutionGuid = {3EAF0734-9B2D-47E3-B2E0-B93E9D1DB641}
	EndGlobalSection
EndGlobal
