
Microsoft Visual Studio Solution File, Format Version 12.00
# Visual Studio Version 16
VisualStudioVersion = 16.0.34301.259
MinimumVisualStudioVersion = 10.0.40219.1
Project("{FAE04EC0-301F-11D3-BF4B-00C04F79EFBC}") = "DataGreview", "DataGreview\DataGreview.csproj", "{BBCABE18-2F81-4C20-B805-F5EA275BBA32}"
EndProject
Global
	GlobalSection(SolutionConfigurationPlatforms) = preSolution
		Debug|Any CPU = Debug|Any CPU
		Release|Any CPU = Release|Any CPU
	EndGlobalSection
	GlobalSection(ProjectConfigurationPlatforms) = postSolution
		{BBCABE18-2F81-4C20-B805-F5EA275BBA32}.Debug|Any CPU.ActiveCfg = Debug|Any CPU
		{BBCABE18-2F81-4C20-B805-F5EA275BBA32}.Debug|Any CPU.Build.0 = Debug|Any CPU
		{BBCABE18-2F81-4C20-B805-F5EA275BBA32}.Release|Any CPU.ActiveCfg = Release|Any CPU
		{BBCABE18-2F81-4C20-B805-F5EA275BBA32}.Release|Any CPU.Build.0 = Release|Any CPU
	EndGlobalSection
	GlobalSection(SolutionProperties) = preSolution
		HideSolutionNode = FALSE
	EndGlobalSection
	GlobalSection(ExtensibilityGlobals) = postSolution
		SolutionGuid = {7CA2CD94-9176-4760-890C-2B96292A74DA}
	EndGlobalSection
EndGlobal
