
Microsoft Visual Studio Solution File, Format Version 12.00
# Visual Studio Version 16
VisualStudioVersion = 16.0.34301.259
MinimumVisualStudioVersion = 10.0.40219.1
Project("{FAE04EC0-301F-11D3-BF4B-00C04F79EFBC}") = "checkBox", "checkBox\checkBox.csproj", "{45F0D18C-317C-43F1-818B-D7B6C73A5514}"
EndProject
Global
	GlobalSection(SolutionConfigurationPlatforms) = preSolution
		Debug|Any CPU = Debug|Any CPU
		Release|Any CPU = Release|Any CPU
	EndGlobalSection
	GlobalSection(ProjectConfigurationPlatforms) = postSolution
		{45F0D18C-317C-43F1-818B-D7B6C73A5514}.Debug|Any CPU.ActiveCfg = Debug|Any CPU
		{45F0D18C-317C-43F1-818B-D7B6C73A5514}.Debug|Any CPU.Build.0 = Debug|Any CPU
		{45F0D18C-317C-43F1-818B-D7B6C73A5514}.Release|Any CPU.ActiveCfg = Release|Any CPU
		{45F0D18C-317C-43F1-818B-D7B6C73A5514}.Release|Any CPU.Build.0 = Release|Any CPU
	EndGlobalSection
	GlobalSection(SolutionProperties) = preSolution
		HideSolutionNode = FALSE
	EndGlobalSection
	GlobalSection(ExtensibilityGlobals) = postSolution
		SolutionGuid = {388DFFDD-EFE8-43A4-B5B0-A682C871DB20}
	EndGlobalSection
EndGlobal
