
Microsoft Visual Studio Solution File, Format Version 12.00
# Visual Studio Version 17
VisualStudioVersion = 17.9.34607.119
MinimumVisualStudioVersion = 10.0.40219.1
Project("{FAE04EC0-301F-11D3-BF4B-00C04F79EFBC}") = "PromedioEstudiantes", "PromedioEstudiantes.csproj", "{D56A5DA2-C6EE-4088-8C55-9A206D7E1454}"
EndProject
Global
	GlobalSection(SolutionConfigurationPlatforms) = preSolution
		Debug|Any CPU = Debug|Any CPU
		Release|Any CPU = Release|Any CPU
	EndGlobalSection
	GlobalSection(ProjectConfigurationPlatforms) = postSolution
		{D56A5DA2-C6EE-4088-8C55-9A206D7E1454}.Debug|Any CPU.ActiveCfg = Debug|Any CPU
		{D56A5DA2-C6EE-4088-8C55-9A206D7E1454}.Debug|Any CPU.Build.0 = Debug|Any CPU
		{D56A5DA2-C6EE-4088-8C55-9A206D7E1454}.Release|Any CPU.ActiveCfg = Release|Any CPU
		{D56A5DA2-C6EE-4088-8C55-9A206D7E1454}.Release|Any CPU.Build.0 = Release|Any CPU
	EndGlobalSection
	GlobalSection(SolutionProperties) = preSolution
		HideSolutionNode = FALSE
	EndGlobalSection
	GlobalSection(ExtensibilityGlobals) = postSolution
		SolutionGuid = {32A8F684-4D87-4FD6-90CD-852A1E419EB6}
	EndGlobalSection
EndGlobal
