
Microsoft Visual Studio Solution File, Format Version 12.00
# Visual Studio Version 16
VisualStudioVersion = 16.0.34301.259
MinimumVisualStudioVersion = 10.0.40219.1
Project("{FAE04EC0-301F-11D3-BF4B-00C04F79EFBC}") = "RadiobuttonYgroupbox", "RadiobuttonYgroupbox\RadiobuttonYgroupbox.csproj", "{BC28964B-54B1-4C75-A1C4-A04350736C42}"
EndProject
Global
	GlobalSection(SolutionConfigurationPlatforms) = preSolution
		Debug|Any CPU = Debug|Any CPU
		Release|Any CPU = Release|Any CPU
	EndGlobalSection
	GlobalSection(ProjectConfigurationPlatforms) = postSolution
		{BC28964B-54B1-4C75-A1C4-A04350736C42}.Debug|Any CPU.ActiveCfg = Debug|Any CPU
		{BC28964B-54B1-4C75-A1C4-A04350736C42}.Debug|Any CPU.Build.0 = Debug|Any CPU
		{BC28964B-54B1-4C75-A1C4-A04350736C42}.Release|Any CPU.ActiveCfg = Release|Any CPU
		{BC28964B-54B1-4C75-A1C4-A04350736C42}.Release|Any CPU.Build.0 = Release|Any CPU
	EndGlobalSection
	GlobalSection(SolutionProperties) = preSolution
		HideSolutionNode = FALSE
	EndGlobalSection
	GlobalSection(ExtensibilityGlobals) = postSolution
		SolutionGuid = {92F5CAB6-6879-4AF4-964E-CD4CD0FBA9E9}
	EndGlobalSection
EndGlobal
